// !$*UTF8*$!
{
	archiveVersion = 1;
	classes = {
	};
	objectVersion = 46;
	objects = {

/* Begin PBXBuildFile section */
		203E5EA31CA8889900308A36 /* AppDelegate.swift in Sources */ = {isa = PBXBuildFile; fileRef = 203E5EA21CA8889900308A36 /* AppDelegate.swift */; };
		203E5EA71CA8889A00308A36 /* GameScene.swift in Sources */ = {isa = PBXBuildFile; fileRef = 203E5EA61CA8889A00308A36 /* GameScene.swift */; };
		203E5EA91CA8889A00308A36 /* GameViewController.swift in Sources */ = {isa = PBXBuildFile; fileRef = 203E5EA81CA8889A00308A36 /* GameViewController.swift */; };
		203E5EAC1CA8889A00308A36 /* Main.storyboard in Resources */ = {isa = PBXBuildFile; fileRef = 203E5EAA1CA8889A00308A36 /* Main.storyboard */; };
		203E5EAE1CA8889A00308A36 /* Assets.xcassets in Resources */ = {isa = PBXBuildFile; fileRef = 203E5EAD1CA8889A00308A36 /* Assets.xcassets */; };
		203E5EB11CA8889A00308A36 /* LaunchScreen.storyboard in Resources */ = {isa = PBXBuildFile; fileRef = 203E5EAF1CA8889A00308A36 /* LaunchScreen.storyboard */; };
		203E5EBF1CA88B6300308A36 /* AppDelegate.swift in Sources */ = {isa = PBXBuildFile; fileRef = 203E5EBE1CA88B6300308A36 /* AppDelegate.swift */; };
		203E5EC51CA88B6300308A36 /* Assets.xcassets in Resources */ = {isa = PBXBuildFile; fileRef = 203E5EC41CA88B6300308A36 /* Assets.xcassets */; };
		203E5EC81CA88B6300308A36 /* MainMenu.xib in Resources */ = {isa = PBXBuildFile; fileRef = 203E5EC61CA88B6300308A36 /* MainMenu.xib */; };
		203E5ED41CA88FFD00308A36 /* AppDelegate.swift in Sources */ = {isa = PBXBuildFile; fileRef = 203E5ED31CA88FFD00308A36 /* AppDelegate.swift */; };
		203E5EDA1CA88FFD00308A36 /* GameViewController.swift in Sources */ = {isa = PBXBuildFile; fileRef = 203E5ED91CA88FFD00308A36 /* GameViewController.swift */; };
		203E5EDC1CA88FFD00308A36 /* Game.xcassets in Resources */ = {isa = PBXBuildFile; fileRef = 203E5EDB1CA88FFD00308A36 /* Game.xcassets */; };
		203E5EDF1CA88FFD00308A36 /* Main.storyboard in Resources */ = {isa = PBXBuildFile; fileRef = 203E5EDD1CA88FFD00308A36 /* Main.storyboard */; };
		203E5EE11CA88FFD00308A36 /* Assets.xcassets in Resources */ = {isa = PBXBuildFile; fileRef = 203E5EE01CA88FFD00308A36 /* Assets.xcassets */; };
		203E5F031CA900E700308A36 /* CGFloat+Extensions.swift in Sources */ = {isa = PBXBuildFile; fileRef = 203E5EF71CA900E700308A36 /* CGFloat+Extensions.swift */; };
		203E5F041CA900E700308A36 /* CGFloat+Extensions.swift in Sources */ = {isa = PBXBuildFile; fileRef = 203E5EF71CA900E700308A36 /* CGFloat+Extensions.swift */; };
		203E5F051CA900E700308A36 /* CGFloat+Extensions.swift in Sources */ = {isa = PBXBuildFile; fileRef = 203E5EF71CA900E700308A36 /* CGFloat+Extensions.swift */; };
		203E5F061CA900E700308A36 /* CGPoint+Extensions.swift in Sources */ = {isa = PBXBuildFile; fileRef = 203E5EF81CA900E700308A36 /* CGPoint+Extensions.swift */; };
		203E5F071CA900E700308A36 /* CGPoint+Extensions.swift in Sources */ = {isa = PBXBuildFile; fileRef = 203E5EF81CA900E700308A36 /* CGPoint+Extensions.swift */; };
		203E5F081CA900E700308A36 /* CGPoint+Extensions.swift in Sources */ = {isa = PBXBuildFile; fileRef = 203E5EF81CA900E700308A36 /* CGPoint+Extensions.swift */; };
		203E5F091CA900E700308A36 /* CGVector+Extensions.swift in Sources */ = {isa = PBXBuildFile; fileRef = 203E5EF91CA900E700308A36 /* CGVector+Extensions.swift */; };
		203E5F0A1CA900E700308A36 /* CGVector+Extensions.swift in Sources */ = {isa = PBXBuildFile; fileRef = 203E5EF91CA900E700308A36 /* CGVector+Extensions.swift */; };
		203E5F0B1CA900E700308A36 /* CGVector+Extensions.swift in Sources */ = {isa = PBXBuildFile; fileRef = 203E5EF91CA900E700308A36 /* CGVector+Extensions.swift */; };
		203E5F0C1CA900E700308A36 /* Int+Extensions.swift in Sources */ = {isa = PBXBuildFile; fileRef = 203E5EFA1CA900E700308A36 /* Int+Extensions.swift */; };
		203E5F0D1CA900E700308A36 /* Int+Extensions.swift in Sources */ = {isa = PBXBuildFile; fileRef = 203E5EFA1CA900E700308A36 /* Int+Extensions.swift */; };
		203E5F0E1CA900E700308A36 /* Int+Extensions.swift in Sources */ = {isa = PBXBuildFile; fileRef = 203E5EFA1CA900E700308A36 /* Int+Extensions.swift */; };
		203E5F0F1CA900E700308A36 /* SKAction+Extensions.swift in Sources */ = {isa = PBXBuildFile; fileRef = 203E5EFB1CA900E700308A36 /* SKAction+Extensions.swift */; };
		203E5F101CA900E700308A36 /* SKAction+Extensions.swift in Sources */ = {isa = PBXBuildFile; fileRef = 203E5EFB1CA900E700308A36 /* SKAction+Extensions.swift */; };
		203E5F111CA900E700308A36 /* SKAction+Extensions.swift in Sources */ = {isa = PBXBuildFile; fileRef = 203E5EFB1CA900E700308A36 /* SKAction+Extensions.swift */; };
		203E5F121CA900E700308A36 /* SKAction+SpecialEffects.swift in Sources */ = {isa = PBXBuildFile; fileRef = 203E5EFC1CA900E700308A36 /* SKAction+SpecialEffects.swift */; };
		203E5F131CA900E700308A36 /* SKAction+SpecialEffects.swift in Sources */ = {isa = PBXBuildFile; fileRef = 203E5EFC1CA900E700308A36 /* SKAction+SpecialEffects.swift */; };
		203E5F141CA900E700308A36 /* SKAction+SpecialEffects.swift in Sources */ = {isa = PBXBuildFile; fileRef = 203E5EFC1CA900E700308A36 /* SKAction+SpecialEffects.swift */; };
		203E5F151CA900E700308A36 /* SKColor+Extensions.swift in Sources */ = {isa = PBXBuildFile; fileRef = 203E5EFD1CA900E700308A36 /* SKColor+Extensions.swift */; };
		203E5F161CA900E700308A36 /* SKColor+Extensions.swift in Sources */ = {isa = PBXBuildFile; fileRef = 203E5EFD1CA900E700308A36 /* SKColor+Extensions.swift */; };
		203E5F171CA900E700308A36 /* SKColor+Extensions.swift in Sources */ = {isa = PBXBuildFile; fileRef = 203E5EFD1CA900E700308A36 /* SKColor+Extensions.swift */; };
		203E5F181CA900E700308A36 /* SKNode+Extensions.swift in Sources */ = {isa = PBXBuildFile; fileRef = 203E5EFE1CA900E700308A36 /* SKNode+Extensions.swift */; };
		203E5F191CA900E700308A36 /* SKNode+Extensions.swift in Sources */ = {isa = PBXBuildFile; fileRef = 203E5EFE1CA900E700308A36 /* SKNode+Extensions.swift */; };
		203E5F1A1CA900E700308A36 /* SKNode+Extensions.swift in Sources */ = {isa = PBXBuildFile; fileRef = 203E5EFE1CA900E700308A36 /* SKNode+Extensions.swift */; };
		203E5F1B1CA900E700308A36 /* SKTAudio.swift in Sources */ = {isa = PBXBuildFile; fileRef = 203E5EFF1CA900E700308A36 /* SKTAudio.swift */; };
		203E5F1C1CA900E700308A36 /* SKTAudio.swift in Sources */ = {isa = PBXBuildFile; fileRef = 203E5EFF1CA900E700308A36 /* SKTAudio.swift */; };
		203E5F1D1CA900E700308A36 /* SKTAudio.swift in Sources */ = {isa = PBXBuildFile; fileRef = 203E5EFF1CA900E700308A36 /* SKTAudio.swift */; };
		203E5F1E1CA900E700308A36 /* SKTEffects.swift in Sources */ = {isa = PBXBuildFile; fileRef = 203E5F001CA900E700308A36 /* SKTEffects.swift */; };
		203E5F1F1CA900E700308A36 /* SKTEffects.swift in Sources */ = {isa = PBXBuildFile; fileRef = 203E5F001CA900E700308A36 /* SKTEffects.swift */; };
		203E5F201CA900E700308A36 /* SKTEffects.swift in Sources */ = {isa = PBXBuildFile; fileRef = 203E5F001CA900E700308A36 /* SKTEffects.swift */; };
		203E5F211CA900E700308A36 /* SKTTimingFunctions.swift in Sources */ = {isa = PBXBuildFile; fileRef = 203E5F011CA900E700308A36 /* SKTTimingFunctions.swift */; };
		203E5F221CA900E700308A36 /* SKTTimingFunctions.swift in Sources */ = {isa = PBXBuildFile; fileRef = 203E5F011CA900E700308A36 /* SKTTimingFunctions.swift */; };
		203E5F231CA900E700308A36 /* SKTTimingFunctions.swift in Sources */ = {isa = PBXBuildFile; fileRef = 203E5F011CA900E700308A36 /* SKTTimingFunctions.swift */; };
		203E5F241CA900E700308A36 /* Vector3.swift in Sources */ = {isa = PBXBuildFile; fileRef = 203E5F021CA900E700308A36 /* Vector3.swift */; };
		203E5F251CA900E700308A36 /* Vector3.swift in Sources */ = {isa = PBXBuildFile; fileRef = 203E5F021CA900E700308A36 /* Vector3.swift */; };
		203E5F261CA900E700308A36 /* Vector3.swift in Sources */ = {isa = PBXBuildFile; fileRef = 203E5F021CA900E700308A36 /* Vector3.swift */; };
		203E5F2A1CA9029400308A36 /* SGScene.swift in Sources */ = {isa = PBXBuildFile; fileRef = 203E5F291CA9029400308A36 /* SGScene.swift */; };
		203E5F2F1CA9060500308A36 /* iOS_Responder.swift in Sources */ = {isa = PBXBuildFile; fileRef = 203E5F2E1CA9060500308A36 /* iOS_Responder.swift */; };
		203E5F341CA9061900308A36 /* OSX_Responder.swift in Sources */ = {isa = PBXBuildFile; fileRef = 203E5F321CA9061900308A36 /* OSX_Responder.swift */; };
		20E67FE41CB73551009B49E2 /* background_music.mp3 in Resources */ = {isa = PBXBuildFile; fileRef = 20E67FE31CB73551009B49E2 /* background_music.mp3 */; };
		20E67FE51CB73551009B49E2 /* background_music.mp3 in Resources */ = {isa = PBXBuildFile; fileRef = 20E67FE31CB73551009B49E2 /* background_music.mp3 */; };
		20E67FE61CB73551009B49E2 /* background_music.mp3 in Resources */ = {isa = PBXBuildFile; fileRef = 20E67FE31CB73551009B49E2 /* background_music.mp3 */; };
		20E67FED1CB73560009B49E2 /* button_click.wav in Resources */ = {isa = PBXBuildFile; fileRef = 20E67FE71CB73560009B49E2 /* button_click.wav */; };
		20E67FEE1CB73560009B49E2 /* button_click.wav in Resources */ = {isa = PBXBuildFile; fileRef = 20E67FE71CB73560009B49E2 /* button_click.wav */; };
		20E67FEF1CB73560009B49E2 /* button_click.wav in Resources */ = {isa = PBXBuildFile; fileRef = 20E67FE71CB73560009B49E2 /* button_click.wav */; };
		20E67FF01CB73560009B49E2 /* collect_good.wav in Resources */ = {isa = PBXBuildFile; fileRef = 20E67FE81CB73560009B49E2 /* collect_good.wav */; };
		20E67FF11CB73560009B49E2 /* collect_good.wav in Resources */ = {isa = PBXBuildFile; fileRef = 20E67FE81CB73560009B49E2 /* collect_good.wav */; };
		20E67FF21CB73560009B49E2 /* collect_good.wav in Resources */ = {isa = PBXBuildFile; fileRef = 20E67FE81CB73560009B49E2 /* collect_good.wav */; };
		20E67FF31CB73560009B49E2 /* impact.wav in Resources */ = {isa = PBXBuildFile; fileRef = 20E67FE91CB73560009B49E2 /* impact.wav */; };
		20E67FF41CB73560009B49E2 /* impact.wav in Resources */ = {isa = PBXBuildFile; fileRef = 20E67FE91CB73560009B49E2 /* impact.wav */; };
		20E67FF51CB73560009B49E2 /* impact.wav in Resources */ = {isa = PBXBuildFile; fileRef = 20E67FE91CB73560009B49E2 /* impact.wav */; };
		20E67FF61CB73560009B49E2 /* jump.wav in Resources */ = {isa = PBXBuildFile; fileRef = 20E67FEA1CB73560009B49E2 /* jump.wav */; };
		20E67FF71CB73560009B49E2 /* jump.wav in Resources */ = {isa = PBXBuildFile; fileRef = 20E67FEA1CB73560009B49E2 /* jump.wav */; };
		20E67FF81CB73560009B49E2 /* jump.wav in Resources */ = {isa = PBXBuildFile; fileRef = 20E67FEA1CB73560009B49E2 /* jump.wav */; };
		20E67FF91CB73560009B49E2 /* throw.wav in Resources */ = {isa = PBXBuildFile; fileRef = 20E67FEB1CB73560009B49E2 /* throw.wav */; };
		20E67FFA1CB73560009B49E2 /* throw.wav in Resources */ = {isa = PBXBuildFile; fileRef = 20E67FEB1CB73560009B49E2 /* throw.wav */; };
		20E67FFB1CB73560009B49E2 /* throw.wav in Resources */ = {isa = PBXBuildFile; fileRef = 20E67FEB1CB73560009B49E2 /* throw.wav */; };
		20E67FFC1CB73560009B49E2 /* title_drop.wav in Resources */ = {isa = PBXBuildFile; fileRef = 20E67FEC1CB73560009B49E2 /* title_drop.wav */; };
		20E67FFD1CB73560009B49E2 /* title_drop.wav in Resources */ = {isa = PBXBuildFile; fileRef = 20E67FEC1CB73560009B49E2 /* title_drop.wav */; };
		20E67FFE1CB73560009B49E2 /* title_drop.wav in Resources */ = {isa = PBXBuildFile; fileRef = 20E67FEC1CB73560009B49E2 /* title_drop.wav */; };
		20E680031CB73584009B49E2 /* Female.atlas in Resources */ = {isa = PBXBuildFile; fileRef = 20E67FFF1CB73584009B49E2 /* Female.atlas */; };
		20E680041CB73584009B49E2 /* Female.atlas in Resources */ = {isa = PBXBuildFile; fileRef = 20E67FFF1CB73584009B49E2 /* Female.atlas */; };
		20E680051CB73584009B49E2 /* Female.atlas in Resources */ = {isa = PBXBuildFile; fileRef = 20E67FFF1CB73584009B49E2 /* Female.atlas */; };
		20E680061CB73584009B49E2 /* LargeMedia.xcassets in Resources */ = {isa = PBXBuildFile; fileRef = 20E680001CB73584009B49E2 /* LargeMedia.xcassets */; };
		20E680071CB73584009B49E2 /* LargeMedia.xcassets in Resources */ = {isa = PBXBuildFile; fileRef = 20E680001CB73584009B49E2 /* LargeMedia.xcassets */; };
		20E680081CB73584009B49E2 /* LargeMedia.xcassets in Resources */ = {isa = PBXBuildFile; fileRef = 20E680001CB73584009B49E2 /* LargeMedia.xcassets */; };
		20E680091CB73584009B49E2 /* Male.atlas in Resources */ = {isa = PBXBuildFile; fileRef = 20E680011CB73584009B49E2 /* Male.atlas */; };
		20E6800A1CB73584009B49E2 /* Male.atlas in Resources */ = {isa = PBXBuildFile; fileRef = 20E680011CB73584009B49E2 /* Male.atlas */; };
		20E6800B1CB73584009B49E2 /* Male.atlas in Resources */ = {isa = PBXBuildFile; fileRef = 20E680011CB73584009B49E2 /* Male.atlas */; };
		20E6800C1CB73584009B49E2 /* Tiles.atlas in Resources */ = {isa = PBXBuildFile; fileRef = 20E680021CB73584009B49E2 /* Tiles.atlas */; };
		20E6800D1CB73584009B49E2 /* Tiles.atlas in Resources */ = {isa = PBXBuildFile; fileRef = 20E680021CB73584009B49E2 /* Tiles.atlas */; };
		20E6800E1CB73584009B49E2 /* Tiles.atlas in Resources */ = {isa = PBXBuildFile; fileRef = 20E680021CB73584009B49E2 /* Tiles.atlas */; };
		20E680151CB7585A009B49E2 /* Localizable.strings in Resources */ = {isa = PBXBuildFile; fileRef = 20E680141CB7585A009B49E2 /* Localizable.strings */; };
		20E680161CB7585A009B49E2 /* Localizable.strings in Resources */ = {isa = PBXBuildFile; fileRef = 20E680141CB7585A009B49E2 /* Localizable.strings */; };
		20E680171CB7585A009B49E2 /* Localizable.strings in Resources */ = {isa = PBXBuildFile; fileRef = 20E680141CB7585A009B49E2 /* Localizable.strings */; };
		20F1EEEF1CB7735D00913372 /* MainMenu.swift in Sources */ = {isa = PBXBuildFile; fileRef = 20F1EEEE1CB7735D00913372 /* MainMenu.swift */; };
		20F1EEF01CB7735D00913372 /* MainMenu.swift in Sources */ = {isa = PBXBuildFile; fileRef = 20F1EEEE1CB7735D00913372 /* MainMenu.swift */; };
		20F1EEF11CB7735D00913372 /* MainMenu.swift in Sources */ = {isa = PBXBuildFile; fileRef = 20F1EEEE1CB7735D00913372 /* MainMenu.swift */; };
		20F1EEF21CB77F2E00913372 /* SGScene.swift in Sources */ = {isa = PBXBuildFile; fileRef = 203E5F291CA9029400308A36 /* SGScene.swift */; };
		20F1EEF31CB77F2E00913372 /* SGScene.swift in Sources */ = {isa = PBXBuildFile; fileRef = 203E5F291CA9029400308A36 /* SGScene.swift */; };
		20F57CAF1CB399AD0095015F /* SGResolution.swift in Sources */ = {isa = PBXBuildFile; fileRef = 20F57CAE1CB399AD0095015F /* SGResolution.swift */; };
		20F57CB01CB399AD0095015F /* SGResolution.swift in Sources */ = {isa = PBXBuildFile; fileRef = 20F57CAE1CB399AD0095015F /* SGResolution.swift */; };
		20F57CB11CB399AD0095015F /* SGResolution.swift in Sources */ = {isa = PBXBuildFile; fileRef = 20F57CAE1CB399AD0095015F /* SGResolution.swift */; };
		20F57CB31CB39AD20095015F /* SGExtensions.swift in Sources */ = {isa = PBXBuildFile; fileRef = 20F57CB21CB39AD20095015F /* SGExtensions.swift */; };
		20F57CB41CB39AD20095015F /* SGExtensions.swift in Sources */ = {isa = PBXBuildFile; fileRef = 20F57CB21CB39AD20095015F /* SGExtensions.swift */; };
		20F57CB51CB39AD20095015F /* SGExtensions.swift in Sources */ = {isa = PBXBuildFile; fileRef = 20F57CB21CB39AD20095015F /* SGExtensions.swift */; };
		20F57CBB1CB39C020095015F /* SGGameSettings.swift in Sources */ = {isa = PBXBuildFile; fileRef = 20F57CBA1CB39C020095015F /* SGGameSettings.swift */; };
		20F57CBC1CB39C020095015F /* SGGameSettings.swift in Sources */ = {isa = PBXBuildFile; fileRef = 20F57CBA1CB39C020095015F /* SGGameSettings.swift */; };
		20F57CBD1CB39C020095015F /* SGGameSettings.swift in Sources */ = {isa = PBXBuildFile; fileRef = 20F57CBA1CB39C020095015F /* SGGameSettings.swift */; };
		20F57CBE1CB3A0960095015F /* GameScene.swift in Sources */ = {isa = PBXBuildFile; fileRef = 203E5EA61CA8889A00308A36 /* GameScene.swift */; };
		20F57CBF1CB3A0B00095015F /* GameScene.swift in Sources */ = {isa = PBXBuildFile; fileRef = 203E5EA61CA8889A00308A36 /* GameScene.swift */; };
/* End PBXBuildFile section */

/* Begin PBXFileReference section */
		203E5E9F1CA8889900308A36 /* myNinjaGame.app */ = {isa = PBXFileReference; explicitFileType = wrapper.application; includeInIndex = 0; path = myNinjaGame.app; sourceTree = BUILT_PRODUCTS_DIR; };
		203E5EA21CA8889900308A36 /* AppDelegate.swift */ = {isa = PBXFileReference; lastKnownFileType = sourcecode.swift; path = AppDelegate.swift; sourceTree = "<group>"; };
		203E5EA61CA8889A00308A36 /* GameScene.swift */ = {isa = PBXFileReference; lastKnownFileType = sourcecode.swift; name = GameScene.swift; path = myNinjaGame/GameScene.swift; sourceTree = "<group>"; };
		203E5EA81CA8889A00308A36 /* GameViewController.swift */ = {isa = PBXFileReference; lastKnownFileType = sourcecode.swift; path = GameViewController.swift; sourceTree = "<group>"; };
		203E5EAB1CA8889A00308A36 /* Base */ = {isa = PBXFileReference; lastKnownFileType = file.storyboard; name = Base; path = Base.lproj/Main.storyboard; sourceTree = "<group>"; };
		203E5EAD1CA8889A00308A36 /* Assets.xcassets */ = {isa = PBXFileReference; lastKnownFileType = folder.assetcatalog; path = Assets.xcassets; sourceTree = "<group>"; };
		203E5EB01CA8889A00308A36 /* Base */ = {isa = PBXFileReference; lastKnownFileType = file.storyboard; name = Base; path = Base.lproj/LaunchScreen.storyboard; sourceTree = "<group>"; };
		203E5EB21CA8889A00308A36 /* Info.plist */ = {isa = PBXFileReference; lastKnownFileType = text.plist.xml; path = Info.plist; sourceTree = "<group>"; };
		203E5EBC1CA88B6300308A36 /* myNinjaGameOSX.app */ = {isa = PBXFileReference; explicitFileType = wrapper.application; includeInIndex = 0; path = myNinjaGameOSX.app; sourceTree = BUILT_PRODUCTS_DIR; };
		203E5EBE1CA88B6300308A36 /* AppDelegate.swift */ = {isa = PBXFileReference; lastKnownFileType = sourcecode.swift; path = AppDelegate.swift; sourceTree = "<group>"; };
		203E5EC41CA88B6300308A36 /* Assets.xcassets */ = {isa = PBXFileReference; lastKnownFileType = folder.assetcatalog; path = Assets.xcassets; sourceTree = "<group>"; };
		203E5EC71CA88B6300308A36 /* Base */ = {isa = PBXFileReference; lastKnownFileType = file.xib; name = Base; path = Base.lproj/MainMenu.xib; sourceTree = "<group>"; };
		203E5EC91CA88B6300308A36 /* Info.plist */ = {isa = PBXFileReference; lastKnownFileType = text.plist.xml; path = Info.plist; sourceTree = "<group>"; };
		203E5ED11CA88FFD00308A36 /* myNinjaGameTVOS.app */ = {isa = PBXFileReference; explicitFileType = wrapper.application; includeInIndex = 0; path = myNinjaGameTVOS.app; sourceTree = BUILT_PRODUCTS_DIR; };
		203E5ED31CA88FFD00308A36 /* AppDelegate.swift */ = {isa = PBXFileReference; lastKnownFileType = sourcecode.swift; path = AppDelegate.swift; sourceTree = "<group>"; };
		203E5ED91CA88FFD00308A36 /* GameViewController.swift */ = {isa = PBXFileReference; lastKnownFileType = sourcecode.swift; path = GameViewController.swift; sourceTree = "<group>"; };
		203E5EDB1CA88FFD00308A36 /* Game.xcassets */ = {isa = PBXFileReference; lastKnownFileType = folder.assetcatalog; path = Game.xcassets; sourceTree = "<group>"; };
		203E5EDE1CA88FFD00308A36 /* Base */ = {isa = PBXFileReference; lastKnownFileType = file.storyboard; name = Base; path = Base.lproj/Main.storyboard; sourceTree = "<group>"; };
		203E5EE01CA88FFD00308A36 /* Assets.xcassets */ = {isa = PBXFileReference; lastKnownFileType = folder.assetcatalog; path = Assets.xcassets; sourceTree = "<group>"; };
		203E5EE21CA88FFD00308A36 /* Info.plist */ = {isa = PBXFileReference; lastKnownFileType = text.plist.xml; path = Info.plist; sourceTree = "<group>"; };
		203E5EF71CA900E700308A36 /* CGFloat+Extensions.swift */ = {isa = PBXFileReference; fileEncoding = 4; lastKnownFileType = sourcecode.swift; path = "CGFloat+Extensions.swift"; sourceTree = "<group>"; };
		203E5EF81CA900E700308A36 /* CGPoint+Extensions.swift */ = {isa = PBXFileReference; fileEncoding = 4; lastKnownFileType = sourcecode.swift; path = "CGPoint+Extensions.swift"; sourceTree = "<group>"; };
		203E5EF91CA900E700308A36 /* CGVector+Extensions.swift */ = {isa = PBXFileReference; fileEncoding = 4; lastKnownFileType = sourcecode.swift; path = "CGVector+Extensions.swift"; sourceTree = "<group>"; };
		203E5EFA1CA900E700308A36 /* Int+Extensions.swift */ = {isa = PBXFileReference; fileEncoding = 4; lastKnownFileType = sourcecode.swift; path = "Int+Extensions.swift"; sourceTree = "<group>"; };
		203E5EFB1CA900E700308A36 /* SKAction+Extensions.swift */ = {isa = PBXFileReference; fileEncoding = 4; lastKnownFileType = sourcecode.swift; path = "SKAction+Extensions.swift"; sourceTree = "<group>"; };
		203E5EFC1CA900E700308A36 /* SKAction+SpecialEffects.swift */ = {isa = PBXFileReference; fileEncoding = 4; lastKnownFileType = sourcecode.swift; path = "SKAction+SpecialEffects.swift"; sourceTree = "<group>"; };
		203E5EFD1CA900E700308A36 /* SKColor+Extensions.swift */ = {isa = PBXFileReference; fileEncoding = 4; lastKnownFileType = sourcecode.swift; path = "SKColor+Extensions.swift"; sourceTree = "<group>"; };
		203E5EFE1CA900E700308A36 /* SKNode+Extensions.swift */ = {isa = PBXFileReference; fileEncoding = 4; lastKnownFileType = sourcecode.swift; path = "SKNode+Extensions.swift"; sourceTree = "<group>"; };
		203E5EFF1CA900E700308A36 /* SKTAudio.swift */ = {isa = PBXFileReference; fileEncoding = 4; lastKnownFileType = sourcecode.swift; path = SKTAudio.swift; sourceTree = "<group>"; };
		203E5F001CA900E700308A36 /* SKTEffects.swift */ = {isa = PBXFileReference; fileEncoding = 4; lastKnownFileType = sourcecode.swift; path = SKTEffects.swift; sourceTree = "<group>"; };
		203E5F011CA900E700308A36 /* SKTTimingFunctions.swift */ = {isa = PBXFileReference; fileEncoding = 4; lastKnownFileType = sourcecode.swift; path = SKTTimingFunctions.swift; sourceTree = "<group>"; };
		203E5F021CA900E700308A36 /* Vector3.swift */ = {isa = PBXFileReference; fileEncoding = 4; lastKnownFileType = sourcecode.swift; path = Vector3.swift; sourceTree = "<group>"; };
		203E5F291CA9029400308A36 /* SGScene.swift */ = {isa = PBXFileReference; fileEncoding = 4; lastKnownFileType = sourcecode.swift; path = SGScene.swift; sourceTree = "<group>"; };
		203E5F2E1CA9060500308A36 /* iOS_Responder.swift */ = {isa = PBXFileReference; fileEncoding = 4; lastKnownFileType = sourcecode.swift; path = iOS_Responder.swift; sourceTree = "<group>"; };
		203E5F321CA9061900308A36 /* OSX_Responder.swift */ = {isa = PBXFileReference; fileEncoding = 4; lastKnownFileType = sourcecode.swift; path = OSX_Responder.swift; sourceTree = "<group>"; };
		20E67FE31CB73551009B49E2 /* background_music.mp3 */ = {isa = PBXFileReference; lastKnownFileType = audio.mp3; path = background_music.mp3; sourceTree = "<group>"; };
		20E67FE71CB73560009B49E2 /* button_click.wav */ = {isa = PBXFileReference; lastKnownFileType = audio.wav; path = button_click.wav; sourceTree = "<group>"; };
		20E67FE81CB73560009B49E2 /* collect_good.wav */ = {isa = PBXFileReference; lastKnownFileType = audio.wav; path = collect_good.wav; sourceTree = "<group>"; };
		20E67FE91CB73560009B49E2 /* impact.wav */ = {isa = PBXFileReference; lastKnownFileType = audio.wav; path = impact.wav; sourceTree = "<group>"; };
		20E67FEA1CB73560009B49E2 /* jump.wav */ = {isa = PBXFileReference; lastKnownFileType = audio.wav; path = jump.wav; sourceTree = "<group>"; };
		20E67FEB1CB73560009B49E2 /* throw.wav */ = {isa = PBXFileReference; lastKnownFileType = audio.wav; path = throw.wav; sourceTree = "<group>"; };
		20E67FEC1CB73560009B49E2 /* title_drop.wav */ = {isa = PBXFileReference; lastKnownFileType = audio.wav; path = title_drop.wav; sourceTree = "<group>"; };
		20E67FFF1CB73584009B49E2 /* Female.atlas */ = {isa = PBXFileReference; lastKnownFileType = folder.skatlas; path = Female.atlas; sourceTree = "<group>"; };
		20E680001CB73584009B49E2 /* LargeMedia.xcassets */ = {isa = PBXFileReference; lastKnownFileType = folder.assetcatalog; path = LargeMedia.xcassets; sourceTree = "<group>"; };
		20E680011CB73584009B49E2 /* Male.atlas */ = {isa = PBXFileReference; lastKnownFileType = folder.skatlas; path = Male.atlas; sourceTree = "<group>"; };
		20E680021CB73584009B49E2 /* Tiles.atlas */ = {isa = PBXFileReference; lastKnownFileType = folder.skatlas; path = Tiles.atlas; sourceTree = "<group>"; };
		20E6800F1CB757EB009B49E2 /* en-US */ = {isa = PBXFileReference; lastKnownFileType = text.plist.strings; name = "en-US"; path = "en-US.lproj/Main.strings"; sourceTree = "<group>"; };
		20E680101CB757EB009B49E2 /* en-US */ = {isa = PBXFileReference; lastKnownFileType = text.plist.strings; name = "en-US"; path = "en-US.lproj/LaunchScreen.strings"; sourceTree = "<group>"; };
		20E680111CB757EC009B49E2 /* en-US */ = {isa = PBXFileReference; lastKnownFileType = text.plist.strings; name = "en-US"; path = "en-US.lproj/MainMenu.strings"; sourceTree = "<group>"; };
		20E680121CB757EC009B49E2 /* en-US */ = {isa = PBXFileReference; lastKnownFileType = text.plist.strings; name = "en-US"; path = "en-US.lproj/Main.strings"; sourceTree = "<group>"; };
		20E680141CB7585A009B49E2 /* Localizable.strings */ = {isa = PBXFileReference; fileEncoding = 4; lastKnownFileType = text.plist.strings; path = Localizable.strings; sourceTree = "<group>"; };
		20F1EEEE1CB7735D00913372 /* MainMenu.swift */ = {isa = PBXFileReference; fileEncoding = 4; lastKnownFileType = sourcecode.swift; path = MainMenu.swift; sourceTree = "<group>"; };
		20F57CAE1CB399AD0095015F /* SGResolution.swift */ = {isa = PBXFileReference; fileEncoding = 4; lastKnownFileType = sourcecode.swift; path = SGResolution.swift; sourceTree = "<group>"; };
		20F57CB21CB39AD20095015F /* SGExtensions.swift */ = {isa = PBXFileReference; fileEncoding = 4; lastKnownFileType = sourcecode.swift; path = SGExtensions.swift; sourceTree = "<group>"; };
		20F57CBA1CB39C020095015F /* SGGameSettings.swift */ = {isa = PBXFileReference; fileEncoding = 4; lastKnownFileType = sourcecode.swift; path = SGGameSettings.swift; sourceTree = "<group>"; };
/* End PBXFileReference section */

/* Begin PBXFrameworksBuildPhase section */
		203E5E9C1CA8889900308A36 /* Frameworks */ = {
			isa = PBXFrameworksBuildPhase;
			buildActionMask = 2147483647;
			files = (
			);
			runOnlyForDeploymentPostprocessing = 0;
		};
		203E5EB91CA88B6300308A36 /* Frameworks */ = {
			isa = PBXFrameworksBuildPhase;
			buildActionMask = 2147483647;
			files = (
			);
			runOnlyForDeploymentPostprocessing = 0;
		};
		203E5ECE1CA88FFD00308A36 /* Frameworks */ = {
			isa = PBXFrameworksBuildPhase;
			buildActionMask = 2147483647;
			files = (
			);
			runOnlyForDeploymentPostprocessing = 0;
		};
/* End PBXFrameworksBuildPhase section */

/* Begin PBXGroup section */
		203E5E961CA8889900308A36 = {
			isa = PBXGroup;
			children = (
				203E5EE61CA89BC900308A36 /* SharedGame */,
				203E5EA11CA8889900308A36 /* IOSController */,
				203E5EBD1CA88B6300308A36 /* OSXController */,
				203E5ED21CA88FFD00308A36 /* TVOSController */,
				203E5EA01CA8889900308A36 /* Products */,
			);
			sourceTree = "<group>";
		};
		203E5EA01CA8889900308A36 /* Products */ = {
			isa = PBXGroup;
			children = (
				203E5E9F1CA8889900308A36 /* myNinjaGame.app */,
				203E5EBC1CA88B6300308A36 /* myNinjaGameOSX.app */,
				203E5ED11CA88FFD00308A36 /* myNinjaGameTVOS.app */,
			);
			name = Products;
			sourceTree = "<group>";
		};
		203E5EA11CA8889900308A36 /* IOSController */ = {
			isa = PBXGroup;
			children = (
				203E5EA21CA8889900308A36 /* AppDelegate.swift */,
				203E5EA81CA8889A00308A36 /* GameViewController.swift */,
				203E5EAA1CA8889A00308A36 /* Main.storyboard */,
				203E5EAD1CA8889A00308A36 /* Assets.xcassets */,
				203E5EAF1CA8889A00308A36 /* LaunchScreen.storyboard */,
				203E5EB21CA8889A00308A36 /* Info.plist */,
			);
			name = IOSController;
			path = myNinjaGame;
			sourceTree = "<group>";
		};
		203E5EBD1CA88B6300308A36 /* OSXController */ = {
			isa = PBXGroup;
			children = (
				203E5EBE1CA88B6300308A36 /* AppDelegate.swift */,
				203E5EC41CA88B6300308A36 /* Assets.xcassets */,
				203E5EC61CA88B6300308A36 /* MainMenu.xib */,
				203E5EC91CA88B6300308A36 /* Info.plist */,
			);
			name = OSXController;
			path = myNinjaGameOSX;
			sourceTree = "<group>";
		};
		203E5ED21CA88FFD00308A36 /* TVOSController */ = {
			isa = PBXGroup;
			children = (
				203E5ED31CA88FFD00308A36 /* AppDelegate.swift */,
				203E5ED91CA88FFD00308A36 /* GameViewController.swift */,
				203E5EDB1CA88FFD00308A36 /* Game.xcassets */,
				203E5EDD1CA88FFD00308A36 /* Main.storyboard */,
				203E5EE01CA88FFD00308A36 /* Assets.xcassets */,
				203E5EE21CA88FFD00308A36 /* Info.plist */,
			);
			name = TVOSController;
			path = myNinjaGameTVOS;
			sourceTree = "<group>";
		};
		203E5EE61CA89BC900308A36 /* SharedGame */ = {
			isa = PBXGroup;
			children = (
				203E5EEC1CA8ADB400308A36 /* Resources */,
				203E5EE71CA8AD6800308A36 /* Libraries */,
				203E5EE91CA8AD9200308A36 /* States */,
				203E5EEB1CA8ADAB00308A36 /* Entities */,
				203E5EE81CA8AD7300308A36 /* Components */,
				203E5EED1CA8ADDC00308A36 /* Scenes */,
			);
			name = SharedGame;
			sourceTree = "<group>";
		};
		203E5EE71CA8AD6800308A36 /* Libraries */ = {
			isa = PBXGroup;
			children = (
				203E5F281CA9010A00308A36 /* SG-Controllers */,
				203E5F271CA900FF00308A36 /* SG-Engine */,
				203E5EF21CA9008500308A36 /* SKUtils */,
			);
			name = Libraries;
			sourceTree = "<group>";
		};
		203E5EE81CA8AD7300308A36 /* Components */ = {
			isa = PBXGroup;
			children = (
			);
			name = Components;
			sourceTree = "<group>";
		};
		203E5EE91CA8AD9200308A36 /* States */ = {
			isa = PBXGroup;
			children = (
			);
			name = States;
			sourceTree = "<group>";
		};
		203E5EEB1CA8ADAB00308A36 /* Entities */ = {
			isa = PBXGroup;
			children = (
			);
			name = Entities;
			sourceTree = "<group>";
		};
		203E5EEC1CA8ADB400308A36 /* Resources */ = {
			isa = PBXGroup;
			children = (
				203E5EF11CA8AE1C00308A36 /* Content */,
				203E5EF01CA8AE1600308A36 /* Music */,
				203E5EEF1CA8AE0F00308A36 /* Sounds */,
				203E5EEE1CA8ADF400308A36 /* Artwork */,
			);
			name = Resources;
			sourceTree = "<group>";
		};
		203E5EED1CA8ADDC00308A36 /* Scenes */ = {
			isa = PBXGroup;
			children = (
				203E5EA61CA8889A00308A36 /* GameScene.swift */,
				20F1EEEE1CB7735D00913372 /* MainMenu.swift */,
			);
			name = Scenes;
			sourceTree = "<group>";
		};
		203E5EEE1CA8ADF400308A36 /* Artwork */ = {
			isa = PBXGroup;
			children = (
				20E67FFF1CB73584009B49E2 /* Female.atlas */,
				20E680001CB73584009B49E2 /* LargeMedia.xcassets */,
				20E680011CB73584009B49E2 /* Male.atlas */,
				20E680021CB73584009B49E2 /* Tiles.atlas */,
			);
			name = Artwork;
			sourceTree = "<group>";
		};
		203E5EEF1CA8AE0F00308A36 /* Sounds */ = {
			isa = PBXGroup;
			children = (
				20E67FE71CB73560009B49E2 /* button_click.wav */,
				20E67FE81CB73560009B49E2 /* collect_good.wav */,
				20E67FE91CB73560009B49E2 /* impact.wav */,
				20E67FEA1CB73560009B49E2 /* jump.wav */,
				20E67FEB1CB73560009B49E2 /* throw.wav */,
				20E67FEC1CB73560009B49E2 /* title_drop.wav */,
			);
			name = Sounds;
			sourceTree = "<group>";
		};
		203E5EF01CA8AE1600308A36 /* Music */ = {
			isa = PBXGroup;
			children = (
				20E67FE31CB73551009B49E2 /* background_music.mp3 */,
			);
			name = Music;
			sourceTree = "<group>";
		};
		203E5EF11CA8AE1C00308A36 /* Content */ = {
			isa = PBXGroup;
			children = (
				20E680141CB7585A009B49E2 /* Localizable.strings */,
			);
			name = Content;
			sourceTree = "<group>";
		};
		203E5EF21CA9008500308A36 /* SKUtils */ = {
			isa = PBXGroup;
			children = (
				203E5EF71CA900E700308A36 /* CGFloat+Extensions.swift */,
				203E5EF81CA900E700308A36 /* CGPoint+Extensions.swift */,
				203E5EF91CA900E700308A36 /* CGVector+Extensions.swift */,
				203E5EFA1CA900E700308A36 /* Int+Extensions.swift */,
				203E5EFB1CA900E700308A36 /* SKAction+Extensions.swift */,
				203E5EFC1CA900E700308A36 /* SKAction+SpecialEffects.swift */,
				203E5EFD1CA900E700308A36 /* SKColor+Extensions.swift */,
				203E5EFE1CA900E700308A36 /* SKNode+Extensions.swift */,
				203E5EFF1CA900E700308A36 /* SKTAudio.swift */,
				203E5F001CA900E700308A36 /* SKTEffects.swift */,
				203E5F011CA900E700308A36 /* SKTTimingFunctions.swift */,
				203E5F021CA900E700308A36 /* Vector3.swift */,
			);
			name = SKUtils;
			sourceTree = "<group>";
		};
		203E5F271CA900FF00308A36 /* SG-Engine */ = {
			isa = PBXGroup;
			children = (
				203E5F291CA9029400308A36 /* SGScene.swift */,
				20F57CAE1CB399AD0095015F /* SGResolution.swift */,
				20F57CB21CB39AD20095015F /* SGExtensions.swift */,
				203E5F2D1CA905D600308A36 /* SGSceneResponders */,
			);
			name = "SG-Engine";
			sourceTree = "<group>";
		};
		203E5F281CA9010A00308A36 /* SG-Controllers */ = {
			isa = PBXGroup;
			children = (
				20F57CBA1CB39C020095015F /* SGGameSettings.swift */,
			);
			name = "SG-Controllers";
			sourceTree = "<group>";
		};
		203E5F2D1CA905D600308A36 /* SGSceneResponders */ = {
			isa = PBXGroup;
			children = (
				203E5F2E1CA9060500308A36 /* iOS_Responder.swift */,
				203E5F321CA9061900308A36 /* OSX_Responder.swift */,
			);
			name = SGSceneResponders;
			sourceTree = "<group>";
		};
/* End PBXGroup section */

/* Begin PBXNativeTarget section */
		203E5E9E1CA8889900308A36 /* myNinjaGame */ = {
			isa = PBXNativeTarget;
			buildConfigurationList = 203E5EB51CA8889A00308A36 /* Build configuration list for PBXNativeTarget "myNinjaGame" */;
			buildPhases = (
				203E5E9B1CA8889900308A36 /* Sources */,
				203E5E9C1CA8889900308A36 /* Frameworks */,
				203E5E9D1CA8889900308A36 /* Resources */,
			);
			buildRules = (
			);
			dependencies = (
			);
			name = myNinjaGame;
			productName = myNinjaGame;
			productReference = 203E5E9F1CA8889900308A36 /* myNinjaGame.app */;
			productType = "com.apple.product-type.application";
		};
		203E5EBB1CA88B6300308A36 /* myNinjaGameOSX */ = {
			isa = PBXNativeTarget;
			buildConfigurationList = 203E5ECA1CA88B6300308A36 /* Build configuration list for PBXNativeTarget "myNinjaGameOSX" */;
			buildPhases = (
				203E5EB81CA88B6300308A36 /* Sources */,
				203E5EB91CA88B6300308A36 /* Frameworks */,
				203E5EBA1CA88B6300308A36 /* Resources */,
			);
			buildRules = (
			);
			dependencies = (
			);
			name = myNinjaGameOSX;
			productName = myNinjaGameOSX;
			productReference = 203E5EBC1CA88B6300308A36 /* myNinjaGameOSX.app */;
			productType = "com.apple.product-type.application";
		};
		203E5ED01CA88FFD00308A36 /* myNinjaGameTVOS */ = {
			isa = PBXNativeTarget;
			buildConfigurationList = 203E5EE31CA88FFD00308A36 /* Build configuration list for PBXNativeTarget "myNinjaGameTVOS" */;
			buildPhases = (
				203E5ECD1CA88FFD00308A36 /* Sources */,
				203E5ECE1CA88FFD00308A36 /* Frameworks */,
				203E5ECF1CA88FFD00308A36 /* Resources */,
			);
			buildRules = (
			);
			dependencies = (
			);
			name = myNinjaGameTVOS;
			productName = myNinjaGameTVOS;
			productReference = 203E5ED11CA88FFD00308A36 /* myNinjaGameTVOS.app */;
			productType = "com.apple.product-type.application";
		};
/* End PBXNativeTarget section */

/* Begin PBXProject section */
		203E5E971CA8889900308A36 /* Project object */ = {
			isa = PBXProject;
			attributes = {
				LastSwiftUpdateCheck = 0730;
				LastUpgradeCheck = 0730;
				ORGANIZATIONNAME = Dr3amStream;
				TargetAttributes = {
					203E5E9E1CA8889900308A36 = {
						CreatedOnToolsVersion = 7.3;
					};
					203E5EBB1CA88B6300308A36 = {
						CreatedOnToolsVersion = 7.3;
					};
					203E5ED01CA88FFD00308A36 = {
						CreatedOnToolsVersion = 7.3;
					};
				};
			};
			buildConfigurationList = 203E5E9A1CA8889900308A36 /* Build configuration list for PBXProject "myNinjaGame" */;
			compatibilityVersion = "Xcode 3.2";
			developmentRegion = English;
			hasScannedForEncodings = 0;
			knownRegions = (
				en,
				Base,
				"en-US",
			);
			mainGroup = 203E5E961CA8889900308A36;
			productRefGroup = 203E5EA01CA8889900308A36 /* Products */;
			projectDirPath = "";
			projectRoot = "";
			targets = (
				203E5E9E1CA8889900308A36 /* myNinjaGame */,
				203E5EBB1CA88B6300308A36 /* myNinjaGameOSX */,
				203E5ED01CA88FFD00308A36 /* myNinjaGameTVOS */,
			);
		};
/* End PBXProject section */

/* Begin PBXResourcesBuildPhase section */
		203E5E9D1CA8889900308A36 /* Resources */ = {
			isa = PBXResourcesBuildPhase;
			buildActionMask = 2147483647;
			files = (
				20E67FFC1CB73560009B49E2 /* title_drop.wav in Resources */,
				20E67FE41CB73551009B49E2 /* background_music.mp3 in Resources */,
				20E6800C1CB73584009B49E2 /* Tiles.atlas in Resources */,
				20E67FED1CB73560009B49E2 /* button_click.wav in Resources */,
				20E67FF01CB73560009B49E2 /* collect_good.wav in Resources */,
				203E5EB11CA8889A00308A36 /* LaunchScreen.storyboard in Resources */,
				20E67FF31CB73560009B49E2 /* impact.wav in Resources */,
				203E5EAE1CA8889A00308A36 /* Assets.xcassets in Resources */,
				20E680061CB73584009B49E2 /* LargeMedia.xcassets in Resources */,
				20E67FF61CB73560009B49E2 /* jump.wav in Resources */,
				20E680151CB7585A009B49E2 /* Localizable.strings in Resources */,
				203E5EAC1CA8889A00308A36 /* Main.storyboard in Resources */,
				20E680031CB73584009B49E2 /* Female.atlas in Resources */,
				20E680091CB73584009B49E2 /* Male.atlas in Resources */,
				20E67FF91CB73560009B49E2 /* throw.wav in Resources */,
			);
			runOnlyForDeploymentPostprocessing = 0;
		};
		203E5EBA1CA88B6300308A36 /* Resources */ = {
			isa = PBXResourcesBuildPhase;
			buildActionMask = 2147483647;
			files = (
				20E680041CB73584009B49E2 /* Female.atlas in Resources */,
				20E6800A1CB73584009B49E2 /* Male.atlas in Resources */,
				20E67FF71CB73560009B49E2 /* jump.wav in Resources */,
				20E680161CB7585A009B49E2 /* Localizable.strings in Resources */,
				20E6800D1CB73584009B49E2 /* Tiles.atlas in Resources */,
				20E67FF11CB73560009B49E2 /* collect_good.wav in Resources */,
				20E67FEE1CB73560009B49E2 /* button_click.wav in Resources */,
				203E5EC51CA88B6300308A36 /* Assets.xcassets in Resources */,
				20E680071CB73584009B49E2 /* LargeMedia.xcassets in Resources */,
				20E67FF41CB73560009B49E2 /* impact.wav in Resources */,
				20E67FE51CB73551009B49E2 /* background_music.mp3 in Resources */,
				203E5EC81CA88B6300308A36 /* MainMenu.xib in Resources */,
				20E67FFD1CB73560009B49E2 /* title_drop.wav in Resources */,
				20E67FFA1CB73560009B49E2 /* throw.wav in Resources */,
			);
			runOnlyForDeploymentPostprocessing = 0;
		};
		203E5ECF1CA88FFD00308A36 /* Resources */ = {
			isa = PBXResourcesBuildPhase;
			buildActionMask = 2147483647;
			files = (
				20E67FFE1CB73560009B49E2 /* title_drop.wav in Resources */,
				20E67FE61CB73551009B49E2 /* background_music.mp3 in Resources */,
				20E6800E1CB73584009B49E2 /* Tiles.atlas in Resources */,
				20E67FEF1CB73560009B49E2 /* button_click.wav in Resources */,
				20E67FF21CB73560009B49E2 /* collect_good.wav in Resources */,
				203E5EDF1CA88FFD00308A36 /* Main.storyboard in Resources */,
				20E67FF51CB73560009B49E2 /* impact.wav in Resources */,
				203E5EE11CA88FFD00308A36 /* Assets.xcassets in Resources */,
				20E680081CB73584009B49E2 /* LargeMedia.xcassets in Resources */,
				20E67FF81CB73560009B49E2 /* jump.wav in Resources */,
				20E680171CB7585A009B49E2 /* Localizable.strings in Resources */,
				203E5EDC1CA88FFD00308A36 /* Game.xcassets in Resources */,
				20E680051CB73584009B49E2 /* Female.atlas in Resources */,
				20E6800B1CB73584009B49E2 /* Male.atlas in Resources */,
				20E67FFB1CB73560009B49E2 /* throw.wav in Resources */,
			);
			runOnlyForDeploymentPostprocessing = 0;
		};
/* End PBXResourcesBuildPhase section */

/* Begin PBXSourcesBuildPhase section */
		203E5E9B1CA8889900308A36 /* Sources */ = {
			isa = PBXSourcesBuildPhase;
			buildActionMask = 2147483647;
			files = (
				203E5F2A1CA9029400308A36 /* SGScene.swift in Sources */,
				203E5EA71CA8889A00308A36 /* GameScene.swift in Sources */,
				203E5F061CA900E700308A36 /* CGPoint+Extensions.swift in Sources */,
				203E5F211CA900E700308A36 /* SKTTimingFunctions.swift in Sources */,
				203E5F1E1CA900E700308A36 /* SKTEffects.swift in Sources */,
				203E5F121CA900E700308A36 /* SKAction+SpecialEffects.swift in Sources */,
				203E5F091CA900E700308A36 /* CGVector+Extensions.swift in Sources */,
				203E5F0F1CA900E700308A36 /* SKAction+Extensions.swift in Sources */,
				203E5F151CA900E700308A36 /* SKColor+Extensions.swift in Sources */,
				20F57CAF1CB399AD0095015F /* SGResolution.swift in Sources */,
				203E5EA91CA8889A00308A36 /* GameViewController.swift in Sources */,
				203E5F0C1CA900E700308A36 /* Int+Extensions.swift in Sources */,
				20F57CBB1CB39C020095015F /* SGGameSettings.swift in Sources */,
				203E5F181CA900E700308A36 /* SKNode+Extensions.swift in Sources */,
				203E5F1B1CA900E700308A36 /* SKTAudio.swift in Sources */,
				20F57CB31CB39AD20095015F /* SGExtensions.swift in Sources */,
				20F1EEEF1CB7735D00913372 /* MainMenu.swift in Sources */,
				203E5F2F1CA9060500308A36 /* iOS_Responder.swift in Sources */,
				203E5F031CA900E700308A36 /* CGFloat+Extensions.swift in Sources */,
				203E5F241CA900E700308A36 /* Vector3.swift in Sources */,
				203E5EA31CA8889900308A36 /* AppDelegate.swift in Sources */,
			);
			runOnlyForDeploymentPostprocessing = 0;
		};
		203E5EB81CA88B6300308A36 /* Sources */ = {
			isa = PBXSourcesBuildPhase;
			buildActionMask = 2147483647;
			files = (
				20F57CBC1CB39C020095015F /* SGGameSettings.swift in Sources */,
				20F57CBE1CB3A0960095015F /* GameScene.swift in Sources */,
				203E5F0A1CA900E700308A36 /* CGVector+Extensions.swift in Sources */,
				203E5F1C1CA900E700308A36 /* SKTAudio.swift in Sources */,
				20F57CB41CB39AD20095015F /* SGExtensions.swift in Sources */,
				203E5F041CA900E700308A36 /* CGFloat+Extensions.swift in Sources */,
				203E5F191CA900E700308A36 /* SKNode+Extensions.swift in Sources */,
				20F1EEF01CB7735D00913372 /* MainMenu.swift in Sources */,
				20F1EEF21CB77F2E00913372 /* SGScene.swift in Sources */,
				203E5F131CA900E700308A36 /* SKAction+SpecialEffects.swift in Sources */,
				203E5F161CA900E700308A36 /* SKColor+Extensions.swift in Sources */,
				203E5F071CA900E700308A36 /* CGPoint+Extensions.swift in Sources */,
				203E5F101CA900E700308A36 /* SKAction+Extensions.swift in Sources */,
				203E5F341CA9061900308A36 /* OSX_Responder.swift in Sources */,
				203E5F1F1CA900E700308A36 /* SKTEffects.swift in Sources */,
				20F57CB01CB399AD0095015F /* SGResolution.swift in Sources */,
				203E5EBF1CA88B6300308A36 /* AppDelegate.swift in Sources */,
				203E5F221CA900E700308A36 /* SKTTimingFunctions.swift in Sources */,
				203E5F251CA900E700308A36 /* Vector3.swift in Sources */,
				203E5F0D1CA900E700308A36 /* Int+Extensions.swift in Sources */,
			);
			runOnlyForDeploymentPostprocessing = 0;
		};
		203E5ECD1CA88FFD00308A36 /* Sources */ = {
			isa = PBXSourcesBuildPhase;
			buildActionMask = 2147483647;
			files = (
				20F57CBD1CB39C020095015F /* SGGameSettings.swift in Sources */,
				20F57CBF1CB3A0B00095015F /* GameScene.swift in Sources */,
				203E5F141CA900E700308A36 /* SKAction+SpecialEffects.swift in Sources */,
				203E5F201CA900E700308A36 /* SKTEffects.swift in Sources */,
				20F57CB51CB39AD20095015F /* SGExtensions.swift in Sources */,
				203E5F0B1CA900E700308A36 /* CGVector+Extensions.swift in Sources */,
				203E5EDA1CA88FFD00308A36 /* GameViewController.swift in Sources */,
				20F1EEF11CB7735D00913372 /* MainMenu.swift in Sources */,
				20F1EEF31CB77F2E00913372 /* SGScene.swift in Sources */,
				203E5F111CA900E700308A36 /* SKAction+Extensions.swift in Sources */,
				203E5F171CA900E700308A36 /* SKColor+Extensions.swift in Sources */,
				203E5F261CA900E700308A36 /* Vector3.swift in Sources */,
				203E5F1D1CA900E700308A36 /* SKTAudio.swift in Sources */,
				203E5F051CA900E700308A36 /* CGFloat+Extensions.swift in Sources */,
				203E5F0E1CA900E700308A36 /* Int+Extensions.swift in Sources */,
				20F57CB11CB399AD0095015F /* SGResolution.swift in Sources */,
				203E5F231CA900E700308A36 /* SKTTimingFunctions.swift in Sources */,
				203E5F1A1CA900E700308A36 /* SKNode+Extensions.swift in Sources */,
				203E5F081CA900E700308A36 /* CGPoint+Extensions.swift in Sources */,
				203E5ED41CA88FFD00308A36 /* AppDelegate.swift in Sources */,
			);
			runOnlyForDeploymentPostprocessing = 0;
		};
/* End PBXSourcesBuildPhase section */

/* Begin PBXVariantGroup section */
		203E5EAA1CA8889A00308A36 /* Main.storyboard */ = {
			isa = PBXVariantGroup;
			children = (
				203E5EAB1CA8889A00308A36 /* Base */,
				20E6800F1CB757EB009B49E2 /* en-US */,
			);
			name = Main.storyboard;
			sourceTree = "<group>";
		};
		203E5EAF1CA8889A00308A36 /* LaunchScreen.storyboard */ = {
			isa = PBXVariantGroup;
			children = (
				203E5EB01CA8889A00308A36 /* Base */,
				20E680101CB757EB009B49E2 /* en-US */,
			);
			name = LaunchScreen.storyboard;
			sourceTree = "<group>";
		};
		203E5EC61CA88B6300308A36 /* MainMenu.xib */ = {
			isa = PBXVariantGroup;
			children = (
				203E5EC71CA88B6300308A36 /* Base */,
				20E680111CB757EC009B49E2 /* en-US */,
			);
			name = MainMenu.xib;
			sourceTree = "<group>";
		};
		203E5EDD1CA88FFD00308A36 /* Main.storyboard */ = {
			isa = PBXVariantGroup;
			children = (
				203E5EDE1CA88FFD00308A36 /* Base */,
				20E680121CB757EC009B49E2 /* en-US */,
			);
			name = Main.storyboard;
			sourceTree = "<group>";
		};
/* End PBXVariantGroup section */

/* Begin XCBuildConfiguration section */
		203E5EB31CA8889A00308A36 /* Debug */ = {
			isa = XCBuildConfiguration;
			buildSettings = {
				ALWAYS_SEARCH_USER_PATHS = NO;
				CLANG_ANALYZER_NONNULL = YES;
				CLANG_CXX_LANGUAGE_STANDARD = "gnu++0x";
				CLANG_CXX_LIBRARY = "libc++";
				CLANG_ENABLE_MODULES = YES;
				CLANG_ENABLE_OBJC_ARC = YES;
				CLANG_WARN_BOOL_CONVERSION = YES;
				CLANG_WARN_CONSTANT_CONVERSION = YES;
				CLANG_WARN_DIRECT_OBJC_ISA_USAGE = YES_ERROR;
				CLANG_WARN_EMPTY_BODY = YES;
				CLANG_WARN_ENUM_CONVERSION = YES;
				CLANG_WARN_INT_CONVERSION = YES;
				CLANG_WARN_OBJC_ROOT_CLASS = YES_ERROR;
				CLANG_WARN_UNREACHABLE_CODE = YES;
				CLANG_WARN__DUPLICATE_METHOD_MATCH = YES;
				"CODE_SIGN_IDENTITY[sdk=iphoneos*]" = "iPhone Developer";
				COPY_PHASE_STRIP = NO;
				DEBUG_INFORMATION_FORMAT = "dwarf-with-dsym";
				ENABLE_STRICT_OBJC_MSGSEND = YES;
				ENABLE_TESTABILITY = YES;
				GCC_C_LANGUAGE_STANDARD = gnu99;
				GCC_DYNAMIC_NO_PIC = NO;
				GCC_NO_COMMON_BLOCKS = YES;
				GCC_OPTIMIZATION_LEVEL = 0;
				GCC_PREPROCESSOR_DEFINITIONS = (
					"DEBUG=1",
					"$(inherited)",
				);
				GCC_WARN_64_TO_32_BIT_CONVERSION = YES;
				GCC_WARN_ABOUT_RETURN_TYPE = YES_ERROR;
				GCC_WARN_UNDECLARED_SELECTOR = YES;
				GCC_WARN_UNINITIALIZED_AUTOS = YES_AGGRESSIVE;
				GCC_WARN_UNUSED_FUNCTION = YES;
				GCC_WARN_UNUSED_VARIABLE = YES;
				IPHONEOS_DEPLOYMENT_TARGET = 9.3;
				MTL_ENABLE_DEBUG_INFO = YES;
				ONLY_ACTIVE_ARCH = YES;
				SDKROOT = iphoneos;
				SWIFT_OPTIMIZATION_LEVEL = "-Onone";
				TARGETED_DEVICE_FAMILY = "1,2";
			};
			name = Debug;
		};
		203E5EB41CA8889A00308A36 /* Release */ = {
			isa = XCBuildConfiguration;
			buildSettings = {
				ALWAYS_SEARCH_USER_PATHS = NO;
				CLANG_ANALYZER_NONNULL = YES;
				CLANG_CXX_LANGUAGE_STANDARD = "gnu++0x";
				CLANG_CXX_LIBRARY = "libc++";
				CLANG_ENABLE_MODULES = YES;
				CLANG_ENABLE_OBJC_ARC = YES;
				CLANG_WARN_BOOL_CONVERSION = YES;
				CLANG_WARN_CONSTANT_CONVERSION = YES;
				CLANG_WARN_DIRECT_OBJC_ISA_USAGE = YES_ERROR;
				CLANG_WARN_EMPTY_BODY = YES;
				CLANG_WARN_ENUM_CONVERSION = YES;
				CLANG_WARN_INT_CONVERSION = YES;
				CLANG_WARN_OBJC_ROOT_CLASS = YES_ERROR;
				CLANG_WARN_UNREACHABLE_CODE = YES;
				CLANG_WARN__DUPLICATE_METHOD_MATCH = YES;
				"CODE_SIGN_IDENTITY[sdk=iphoneos*]" = "iPhone Developer";
				COPY_PHASE_STRIP = NO;
				DEBUG_INFORMATION_FORMAT = "dwarf-with-dsym";
				ENABLE_NS_ASSERTIONS = NO;
				ENABLE_STRICT_OBJC_MSGSEND = YES;
				GCC_C_LANGUAGE_STANDARD = gnu99;
				GCC_NO_COMMON_BLOCKS = YES;
				GCC_WARN_64_TO_32_BIT_CONVERSION = YES;
				GCC_WARN_ABOUT_RETURN_TYPE = YES_ERROR;
				GCC_WARN_UNDECLARED_SELECTOR = YES;
				GCC_WARN_UNINITIALIZED_AUTOS = YES_AGGRESSIVE;
				GCC_WARN_UNUSED_FUNCTION = YES;
				GCC_WARN_UNUSED_VARIABLE = YES;
				IPHONEOS_DEPLOYMENT_TARGET = 9.3;
				MTL_ENABLE_DEBUG_INFO = NO;
				SDKROOT = iphoneos;
				TARGETED_DEVICE_FAMILY = "1,2";
				VALIDATE_PRODUCT = YES;
			};
			name = Release;
		};
		203E5EB61CA8889A00308A36 /* Debug */ = {
			isa = XCBuildConfiguration;
			buildSettings = {
				ASSETCATALOG_COMPILER_APPICON_NAME = AppIcon;
				INFOPLIST_FILE = myNinjaGame/Info.plist;
				LD_RUNPATH_SEARCH_PATHS = "$(inherited) @executable_path/Frameworks";
				PRODUCT_BUNDLE_IDENTIFIER = com.Dr3amStream.myNinjaGame;
				PRODUCT_NAME = "$(TARGET_NAME)";
			};
			name = Debug;
		};
		203E5EB71CA8889A00308A36 /* Release */ = {
			isa = XCBuildConfiguration;
			buildSettings = {
				ASSETCATALOG_COMPILER_APPICON_NAME = AppIcon;
				INFOPLIST_FILE = myNinjaGame/Info.plist;
				LD_RUNPATH_SEARCH_PATHS = "$(inherited) @executable_path/Frameworks";
				PRODUCT_BUNDLE_IDENTIFIER = com.Dr3amStream.myNinjaGame;
				PRODUCT_NAME = "$(TARGET_NAME)";
			};
			name = Release;
		};
		203E5ECB1CA88B6300308A36 /* Debug */ = {
			isa = XCBuildConfiguration;
			buildSettings = {
				ASSETCATALOG_COMPILER_APPICON_NAME = AppIcon;
				CODE_SIGN_IDENTITY = "-";
				COMBINE_HIDPI_IMAGES = YES;
				INFOPLIST_FILE = myNinjaGameOSX/Info.plist;
				LD_RUNPATH_SEARCH_PATHS = "$(inherited) @executable_path/../Frameworks";
				MACOSX_DEPLOYMENT_TARGET = 10.11;
				PRODUCT_BUNDLE_IDENTIFIER = com.Dr3amStream.myNinjaGameOSX;
				PRODUCT_NAME = "$(TARGET_NAME)";
				SDKROOT = macosx;
			};
			name = Debug;
		};
		203E5ECC1CA88B6300308A36 /* Release */ = {
			isa = XCBuildConfiguration;
			buildSettings = {
				ASSETCATALOG_COMPILER_APPICON_NAME = AppIcon;
				CODE_SIGN_IDENTITY = "-";
				COMBINE_HIDPI_IMAGES = YES;
				INFOPLIST_FILE = myNinjaGameOSX/Info.plist;
				LD_RUNPATH_SEARCH_PATHS = "$(inherited) @executable_path/../Frameworks";
				MACOSX_DEPLOYMENT_TARGET = 10.11;
				PRODUCT_BUNDLE_IDENTIFIER = com.Dr3amStream.myNinjaGameOSX;
				PRODUCT_NAME = "$(TARGET_NAME)";
				SDKROOT = macosx;
			};
			name = Release;
		};
		203E5EE41CA88FFD00308A36 /* Debug */ = {
			isa = XCBuildConfiguration;
			buildSettings = {
				ASSETCATALOG_COMPILER_APPICON_NAME = "App Icon & Top Shelf Image";
				ASSETCATALOG_COMPILER_LAUNCHIMAGE_NAME = LaunchImage;
				INFOPLIST_FILE = myNinjaGameTVOS/Info.plist;
				LD_RUNPATH_SEARCH_PATHS = "$(inherited) @executable_path/Frameworks";
				PRODUCT_BUNDLE_IDENTIFIER = com.Dr3amStream.myNinjaGameTVOS;
				PRODUCT_NAME = "$(TARGET_NAME)";
				SDKROOT = appletvos;
				TARGETED_DEVICE_FAMILY = 3;
				TVOS_DEPLOYMENT_TARGET = 9.2;
			};
			name = Debug;
		};
		203E5EE51CA88FFD00308A36 /* Release */ = {
			isa = XCBuildConfiguration;
			buildSettings = {
				ASSETCATALOG_COMPILER_APPICON_NAME = "App Icon & Top Shelf Image";
				ASSETCATALOG_COMPILER_LAUNCHIMAGE_NAME = LaunchImage;
				INFOPLIST_FILE = myNinjaGameTVOS/Info.plist;
				LD_RUNPATH_SEARCH_PATHS = "$(inherited) @executable_path/Frameworks";
				PRODUCT_BUNDLE_IDENTIFIER = com.Dr3amStream.myNinjaGameTVOS;
				PRODUCT_NAME = "$(TARGET_NAME)";
				SDKROOT = appletvos;
				TARGETED_DEVICE_FAMILY = 3;
				TVOS_DEPLOYMENT_TARGET = 9.2;
			};
			name = Release;
		};
/* End XCBuildConfiguration section */

/* Begin XCConfigurationList section */
		203E5E9A1CA8889900308A36 /* Build configuration list for PBXProject "myNinjaGame" */ = {
			isa = XCConfigurationList;
			buildConfigurations = (
				203E5EB31CA8889A00308A36 /* Debug */,
				203E5EB41CA8889A00308A36 /* Release */,
			);
			defaultConfigurationIsVisible = 0;
			defaultConfigurationName = Release;
		};
		203E5EB51CA8889A00308A36 /* Build configuration list for PBXNativeTarget "myNinjaGame" */ = {
			isa = XCConfigurationList;
			buildConfigurations = (
				203E5EB61CA8889A00308A36 /* Debug */,
				203E5EB71CA8889A00308A36 /* Release */,
			);
			defaultConfigurationIsVisible = 0;
			defaultConfigurationName = Release;
		};
		203E5ECA1CA88B6300308A36 /* Build configuration list for PBXNativeTarget "myNinjaGameOSX" */ = {
			isa = XCConfigurationList;
			buildConfigurations = (
				203E5ECB1CA88B6300308A36 /* Debug */,
				203E5ECC1CA88B6300308A36 /* Release */,
			);
			defaultConfigurationIsVisible = 0;
			defaultConfigurationName = Release;
		};
		203E5EE31CA88FFD00308A36 /* Build configuration list for PBXNativeTarget "myNinjaGameTVOS" */ = {
			isa = XCConfigurationList;
			buildConfigurations = (
				203E5EE41CA88FFD00308A36 /* Debug */,
				203E5EE51CA88FFD00308A36 /* Release */,
			);
			defaultConfigurationIsVisible = 0;
			defaultConfigurationName = Release;
		};
/* End XCConfigurationList section */
	};
	rootObject = 203E5E971CA8889900308A36 /* Project object */;
}
